
Microsoft Visual Studio Solution File, Format Version 12.00
# Visual Studio 15
VisualStudioVersion = 15.0.28307.489
MinimumVisualStudioVersion = 10.0.40219.1
Project("{FAE04EC0-301F-11D3-BF4B-00C04F79EFBC}") = "RestWithASPNETUdemy02", "RestWithASPNETUdemy02\RestWithASPNETUdemy02.csproj", "{270EB774-2675-41C0-B29B-DCFE5274253C}"
EndProject
Global
	GlobalSection(SolutionConfigurationPlatforms) = preSolution
		Debug|Any CPU = Debug|Any CPU
		Release|Any CPU = Release|Any CPU
	EndGlobalSection
	GlobalSection(ProjectConfigurationPlatforms) = postSolution
		{270EB774-2675-41C0-B29B-DCFE5274253C}.Debug|Any CPU.ActiveCfg = Debug|Any CPU
		{270EB774-2675-41C0-B29B-DCFE5274253C}.Debug|Any CPU.Build.0 = Debug|Any CPU
		{270EB774-2675-41C0-B29B-DCFE5274253C}.Release|Any CPU.ActiveCfg = Release|Any CPU
		{270EB774-2675-41C0-B29B-DCFE5274253C}.Release|Any CPU.Build.0 = Release|Any CPU
	EndGlobalSection
	GlobalSection(SolutionProperties) = preSolution
		HideSolutionNode = FALSE
	EndGlobalSection
	GlobalSection(ExtensibilityGlobals) = postSolution
		SolutionGuid = {8A768D03-E19C-41B3-AB5C-D81E57231C93}
	EndGlobalSection
EndGlobal
